
Microsoft Visual Studio Solution File, Format Version 12.00
# Visual Studio Version 17
VisualStudioVersion = 17.9.34701.34
MinimumVisualStudioVersion = 10.0.40219.1
Project("{FAE04EC0-301F-11D3-BF4B-00C04F79EFBC}") = "Squad.OCR.Solution", "Squad.OCR.Solution\Squad.OCR.Solution.csproj", "{2EB5893E-D01D-43C0-96AE-53725F3CC8C6}"
EndProject
Global
	GlobalSection(SolutionConfigurationPlatforms) = preSolution
		Debug|Any CPU = Debug|Any CPU
		Release|Any CPU = Release|Any CPU
	EndGlobalSection
	GlobalSection(ProjectConfigurationPlatforms) = postSolution
		{2EB5893E-D01D-43C0-96AE-53725F3CC8C6}.Debug|Any CPU.ActiveCfg = Debug|Any CPU
		{2EB5893E-D01D-43C0-96AE-53725F3CC8C6}.Debug|Any CPU.Build.0 = Debug|Any CPU
		{2EB5893E-D01D-43C0-96AE-53725F3CC8C6}.Release|Any CPU.ActiveCfg = Release|Any CPU
		{2EB5893E-D01D-43C0-96AE-53725F3CC8C6}.Release|Any CPU.Build.0 = Release|Any CPU
	EndGlobalSection
	GlobalSection(SolutionProperties) = preSolution
		HideSolutionNode = FALSE
	EndGlobalSection
	GlobalSection(ExtensibilityGlobals) = postSolution
		SolutionGuid = {1FFC99A1-5F2C-4D2C-98AD-F5AF880DF64D}
	EndGlobalSection
EndGlobal
